# This file is automatically @generated by Cargo.
# It is not intended for manual editing.
version = 3

[[package]]
name = "lazy_static"
version = "1.4.0"
source = "registry+https://github.com/rust-lang/crates.io-index"
checksum = "e2abad23fbc42b3700f2f279844dc832adb2b2eb069b2df918f455c4e18cc646"

[[package]]
name = "libc"
version = "0.2.135"
source = "registry+https://github.com/rust-lang/crates.io-index"
checksum = "68783febc7782c6c5cb401fbda4de5a9898be1762314da0bb2c10ced61f18b0c"

[[package]]
name = "psxmcrw"
version = "0.1.0"
dependencies = [
 "rppal",
]

[[package]]
name = "rppal"
version = "0.13.1"
source = "registry+https://github.com/rust-lang/crates.io-index"
checksum = "c88c9c6248de4d337747b619d8f671055ef48a87dc21b97998833f189a0bbd4f"
dependencies = [
 "lazy_static",
 "libc",
]
